Microsoft Visual Studio Solution File, Format Version 12.00
# Visual Studio Version 17
VisualStudioVersion = 17.5.2.0
MinimumVisualStudioVersion = 10.0.40219.1
Project("{FAE04EC0-301F-11D3-BF4B-00C04F79EFBC}") = "CalendarApp", "CalendarApp\CalendarApp.csproj", "{962F1267-6F1C-E243-9249-D357397934D4}"
EndProject
Global
	GlobalSection(SolutionConfigurationPlatforms) = preSolution
		Debug|Any CPU = Debug|Any CPU
		Release|Any CPU = Release|Any CPU
	EndGlobalSection
	GlobalSection(ProjectConfigurationPlatforms) = postSolution
		{962F1267-6F1C-E243-9249-D357397934D4}.Debug|Any CPU.ActiveCfg = Debug|Any CPU
		{962F1267-6F1C-E243-9249-D357397934D4}.Debug|Any CPU.Build.0 = Debug|Any CPU
		{962F1267-6F1C-E243-9249-D357397934D4}.Release|Any CPU.ActiveCfg = Release|Any CPU
		{962F1267-6F1C-E243-9249-D357397934D4}.Release|Any CPU.Build.0 = Release|Any CPU
	EndGlobalSection
	GlobalSection(SolutionProperties) = preSolution
		HideSolutionNode = FALSE
	EndGlobalSection
	GlobalSection(ExtensibilityGlobals) = postSolution
		SolutionGuid = {054CC8BD-0FA1-4EB8-9B63-2BCAD020364C}
	EndGlobalSection
EndGlobal
